
Microsoft Visual Studio Solution File, Format Version 12.00
# Visual Studio Version 17
VisualStudioVersion = 17.12.35527.113 d17.12
MinimumVisualStudioVersion = 10.0.40219.1
Project("{8BC9CEB8-8B4A-11D0-8D11-00A0C91BC942}") = "Astronomy", "Astronomy.vcxproj", "{E5211E34-82B2-4995-80C3-AAB72E89C6CF}"
EndProject
Global
	GlobalSection(SolutionConfigurationPlatforms) = preSolution
		Debug|x64 = Debug|x64
		Debug|x86 = Debug|x86
		Release|x64 = Release|x64
		Release|x86 = Release|x86
	EndGlobalSection
	GlobalSection(ProjectConfigurationPlatforms) = postSolution
		{E5211E34-82B2-4995-80C3-AAB72E89C6CF}.Debug|x64.ActiveCfg = Debug|x64
		{E5211E34-82B2-4995-80C3-AAB72E89C6CF}.Debug|x64.Build.0 = Debug|x64
		{E5211E34-82B2-4995-80C3-AAB72E89C6CF}.Debug|x86.ActiveCfg = Debug|Win32
		{E5211E34-82B2-4995-80C3-AAB72E89C6CF}.Debug|x86.Build.0 = Debug|Win32
		{E5211E34-82B2-4995-80C3-AAB72E89C6CF}.Release|x64.ActiveCfg = Release|x64
		{E5211E34-82B2-4995-80C3-AAB72E89C6CF}.Release|x64.Build.0 = Release|x64
		{E5211E34-82B2-4995-80C3-AAB72E89C6CF}.Release|x86.ActiveCfg = Release|Win32
		{E5211E34-82B2-4995-80C3-AAB72E89C6CF}.Release|x86.Build.0 = Release|Win32
	EndGlobalSection
	GlobalSection(SolutionProperties) = preSolution
		HideSolutionNode = FALSE
	EndGlobalSection
EndGlobal
