<?xml version="1.0" encoding="utf-8"?>
<Project ToolsVersion="4.0" xmlns="http://schemas.microsoft.com/developer/msbuild/2003">
  <ItemGroup>
    <Filter Include="Source Files">
      <UniqueIdentifier>{4FC737F1-C7A5-4376-A066-2A32D752A2FF}</UniqueIdentifier>
      <Extensions>cpp;c;cc;cxx;def;odl;idl;hpj;bat;asm;asmx</Extensions>
    </Filter>
    <Filter Include="Header Files">
      <UniqueIdentifier>{93995380-89BD-4b04-88EB-625FBE52EBFB}</UniqueIdentifier>
      <Extensions>h;hh;hpp;hxx;hm;inl;inc;xsd</Extensions>
    </Filter>
    <Filter Include="Resource Files">
      <UniqueIdentifier>{67DA6AB6-F800-4c08-8B7A-83BB121AAD01}</UniqueIdentifier>
      <Extensions>rc;ico;cur;bmp;dlg;rc2;rct;bin;rgs;gif;jpg;jpeg;jpe;resx;tiff;tif;png;wav;mfcribbon-ms</Extensions>
    </Filter>
  </ItemGroup>
  <ItemGroup>
    <ClCompile Include="..\..\generate\astro_vector.c">
      <Filter>Source Files</Filter>
    </ClCompile>
    <ClCompile Include="..\..\generate\chebyshev.c">
      <Filter>Source Files</Filter>
    </ClCompile>
    <ClCompile Include="..\..\generate\codegen.c">
      <Filter>Source Files</Filter>
    </ClCompile>
    <ClCompile Include="..\..\generate\earth.c">
      <Filter>Source Files</Filter>
    </ClCompile>
    <ClCompile Include="..\..\generate\ephfile.c">
      <Filter>Source Files</Filter>
    </ClCompile>
    <ClCompile Include="..\..\generate\generate.c">
      <Filter>Source Files</Filter>
    </ClCompile>
    <ClCompile Include="..\..\generate\novas\eph_manager.c">
      <Filter>Source Files</Filter>
    </ClCompile>
    <ClCompile Include="..\..\generate\novas\novas.c">
      <Filter>Source Files</Filter>
    </ClCompile>
    <ClCompile Include="..\..\generate\novas\novascon.c">
      <Filter>Source Files</Filter>
    </ClCompile>
    <ClCompile Include="..\..\generate\novas\nutation.c">
      <Filter>Source Files</Filter>
    </ClCompile>
    <ClCompile Include="..\..\generate\novas\solsys1.c">
      <Filter>Source Files</Filter>
    </ClCompile>
    <ClCompile Include="..\..\generate\vsop\vsop.c">
      <Filter>Source Files</Filter>
    </ClCompile>
    <ClCompile Include="..\..\generate\novas\readeph0.c">
      <Filter>Source Files</Filter>
    </ClCompile>
  </ItemGroup>
  <ItemGroup>
    <ClInclude Include="..\..\generate\astro_vector.h">
      <Filter>Header Files</Filter>
    </ClInclude>
    <ClInclude Include="..\..\generate\chebyshev.h">
      <Filter>Header Files</Filter>
    </ClInclude>
    <ClInclude Include="..\..\generate\codegen.h">
      <Filter>Header Files</Filter>
    </ClInclude>
    <ClInclude Include="..\..\generate\earth.h">
      <Filter>Header Files</Filter>
    </ClInclude>
    <ClInclude Include="..\..\generate\ephfile.h">
      <Filter>Header Files</Filter>
    </ClInclude>
    <ClInclude Include="..\..\generate\novas_body.h">
      <Filter>Header Files</Filter>
    </ClInclude>
    <ClInclude Include="..\..\generate\vsop\vsop.h">
      <Filter>Header Files</Filter>
    </ClInclude>
    <ClInclude Include="..\..\generate\novas\eph_manager.h">
      <Filter>Header Files</Filter>
    </ClInclude>
    <ClInclude Include="..\..\generate\novas\novas.h">
      <Filter>Header Files</Filter>
    </ClInclude>
    <ClInclude Include="..\..\generate\novas\novascon.h">
      <Filter>Header Files</Filter>
    </ClInclude>
    <ClInclude Include="..\..\generate\novas\nutation.h">
      <Filter>Header Files</Filter>
    </ClInclude>
    <ClInclude Include="..\..\generate\novas\solarsystem.h">
      <Filter>Header Files</Filter>
    </ClInclude>
  </ItemGroup>
</Project>