
Microsoft Visual Studio Solution File, Format Version 12.00
# Visual Studio Version 16
VisualStudioVersion = 16.0.32106.194
MinimumVisualStudioVersion = 10.0.40219.1
Project("{FAE04EC0-301F-11D3-BF4B-00C04F79EFBC}") = "AstronomyTest", "AstronomyTest.csproj", "{0611FB45-451F-4770-9864-1F34A4609B3D}"
EndProject
Global
	GlobalSection(SolutionConfigurationPlatforms) = preSolution
		Debug|Any CPU = Debug|Any CPU
		Release|Any CPU = Release|Any CPU
	EndGlobalSection
	GlobalSection(ProjectConfigurationPlatforms) = postSolution
		{0611FB45-451F-4770-9864-1F34A4609B3D}.Debug|Any CPU.ActiveCfg = Debug|Any CPU
		{0611FB45-451F-4770-9864-1F34A4609B3D}.Debug|Any CPU.Build.0 = Debug|Any CPU
		{0611FB45-451F-4770-9864-1F34A4609B3D}.Release|Any CPU.ActiveCfg = Release|Any CPU
		{0611FB45-451F-4770-9864-1F34A4609B3D}.Release|Any CPU.Build.0 = Release|Any CPU
	EndGlobalSection
	GlobalSection(SolutionProperties) = preSolution
		HideSolutionNode = FALSE
	EndGlobalSection
	GlobalSection(ExtensibilityGlobals) = postSolution
		SolutionGuid = {625C86CB-23B6-4C4E-9EEB-AFC2F8204A06}
	EndGlobalSection
EndGlobal
