
Microsoft Visual Studio Solution File, Format Version 12.00
# Visual Studio 14
VisualStudioVersion = 14.0.25420.1
MinimumVisualStudioVersion = 10.0.40219.1
Project("{8BC9CEB8-8B4A-11D0-8D11-00A0C91BC942}") = "positions", "positions\positions.vcxproj", "{18C50A69-F9D7-45DA-88EA-8F67FDCA67AE}"
EndProject
Project("{8BC9CEB8-8B4A-11D0-8D11-00A0C91BC942}") = "moonphase", "moonphase\moonphase.vcxproj", "{824FA453-2C7D-4817-87B8-1953748096DE}"
EndProject
Project("{8BC9CEB8-8B4A-11D0-8D11-00A0C91BC942}") = "riseset", "riseset\riseset.vcxproj", "{125F7DA0-256B-4DCF-BB79-8AB053F5C1DB}"
EndProject
Project("{8BC9CEB8-8B4A-11D0-8D11-00A0C91BC942}") = "seasons", "seasons\seasons.vcxproj", "{2DE332E0-4135-4325-88FA-D1EDAB6746A5}"
EndProject
Global
	GlobalSection(SolutionConfigurationPlatforms) = preSolution
		Debug|x64 = Debug|x64
		Debug|x86 = Debug|x86
		Release|x64 = Release|x64
		Release|x86 = Release|x86
	EndGlobalSection
	GlobalSection(ProjectConfigurationPlatforms) = postSolution
		{18C50A69-F9D7-45DA-88EA-8F67FDCA67AE}.Debug|x64.ActiveCfg = Debug|x64
		{18C50A69-F9D7-45DA-88EA-8F67FDCA67AE}.Debug|x64.Build.0 = Debug|x64
		{18C50A69-F9D7-45DA-88EA-8F67FDCA67AE}.Debug|x86.ActiveCfg = Debug|Win32
		{18C50A69-F9D7-45DA-88EA-8F67FDCA67AE}.Debug|x86.Build.0 = Debug|Win32
		{18C50A69-F9D7-45DA-88EA-8F67FDCA67AE}.Release|x64.ActiveCfg = Release|x64
		{18C50A69-F9D7-45DA-88EA-8F67FDCA67AE}.Release|x64.Build.0 = Release|x64
		{18C50A69-F9D7-45DA-88EA-8F67FDCA67AE}.Release|x86.ActiveCfg = Release|Win32
		{18C50A69-F9D7-45DA-88EA-8F67FDCA67AE}.Release|x86.Build.0 = Release|Win32
		{824FA453-2C7D-4817-87B8-1953748096DE}.Debug|x64.ActiveCfg = Debug|x64
		{824FA453-2C7D-4817-87B8-1953748096DE}.Debug|x64.Build.0 = Debug|x64
		{824FA453-2C7D-4817-87B8-1953748096DE}.Debug|x86.ActiveCfg = Debug|Win32
		{824FA453-2C7D-4817-87B8-1953748096DE}.Debug|x86.Build.0 = Debug|Win32
		{824FA453-2C7D-4817-87B8-1953748096DE}.Release|x64.ActiveCfg = Release|x64
		{824FA453-2C7D-4817-87B8-1953748096DE}.Release|x64.Build.0 = Release|x64
		{824FA453-2C7D-4817-87B8-1953748096DE}.Release|x86.ActiveCfg = Release|Win32
		{824FA453-2C7D-4817-87B8-1953748096DE}.Release|x86.Build.0 = Release|Win32
		{125F7DA0-256B-4DCF-BB79-8AB053F5C1DB}.Debug|x64.ActiveCfg = Debug|x64
		{125F7DA0-256B-4DCF-BB79-8AB053F5C1DB}.Debug|x64.Build.0 = Debug|x64
		{125F7DA0-256B-4DCF-BB79-8AB053F5C1DB}.Debug|x86.ActiveCfg = Debug|Win32
		{125F7DA0-256B-4DCF-BB79-8AB053F5C1DB}.Debug|x86.Build.0 = Debug|Win32
		{125F7DA0-256B-4DCF-BB79-8AB053F5C1DB}.Release|x64.ActiveCfg = Release|x64
		{125F7DA0-256B-4DCF-BB79-8AB053F5C1DB}.Release|x64.Build.0 = Release|x64
		{125F7DA0-256B-4DCF-BB79-8AB053F5C1DB}.Release|x86.ActiveCfg = Release|Win32
		{125F7DA0-256B-4DCF-BB79-8AB053F5C1DB}.Release|x86.Build.0 = Release|Win32
		{2DE332E0-4135-4325-88FA-D1EDAB6746A5}.Debug|x64.ActiveCfg = Debug|x64
		{2DE332E0-4135-4325-88FA-D1EDAB6746A5}.Debug|x64.Build.0 = Debug|x64
		{2DE332E0-4135-4325-88FA-D1EDAB6746A5}.Debug|x86.ActiveCfg = Debug|Win32
		{2DE332E0-4135-4325-88FA-D1EDAB6746A5}.Debug|x86.Build.0 = Debug|Win32
		{2DE332E0-4135-4325-88FA-D1EDAB6746A5}.Release|x64.ActiveCfg = Release|x64
		{2DE332E0-4135-4325-88FA-D1EDAB6746A5}.Release|x64.Build.0 = Release|x64
		{2DE332E0-4135-4325-88FA-D1EDAB6746A5}.Release|x86.ActiveCfg = Release|Win32
		{2DE332E0-4135-4325-88FA-D1EDAB6746A5}.Release|x86.Build.0 = Release|Win32
	EndGlobalSection
	GlobalSection(SolutionProperties) = preSolution
		HideSolutionNode = FALSE
	EndGlobalSection
EndGlobal
